version = 1
revision = 3
requires-python = ">=3.10"
resolution-markers = [
    "python_full_version >= '3.12'",
    "python_full_version == '3.11.*'",
    "python_full_version < '3.11'",
]

[[package]]
name = "fragment"
version = "0.0.1"
source = { virtual = "." }
dependencies = [
    { name = "jedi" },
    { name = "panda3d" },
    { name = "pyflakes" },
    { name = "pygame-ce" },
    { name = "pygments" },
    { name = "pyperclip" },
    { name = "pyside6" },
]

[package.metadata]
requires-dist = [
    { name = "jedi", specifier = ">=0.19.2" },
    { name = "panda3d", specifier = ">=1.10.15" },
    { name = "pyflakes", specifier = ">=3.4.0" },
    { name = "pygame-ce", specifier = ">=2.5.5" },
    { name = "pygments", specifier = ">=2.19.2" },
    { name = "pyperclip", specifier = ">=1.9.0" },
    { name = "pyside6", specifier = ">=6.9.1" },
]

[[package]]
name = "jedi"
version = "0.19.2"
source = { registry = "https://pypi.org/simple" }
dependencies = [
    { name = "parso" },
]
sdist = { url = "https://files.pythonhosted.org/packages/72/3a/79a912fbd4d8dd6fbb02bf69afd3bb72cf0c729bb3063c6f4498603db17a/jedi-0.19.2.tar.gz", hash = "sha256:4770dc3de41bde3966b02eb84fbcf557fb33cce26ad23da12c742fb50ecb11f0", size = 1231287, upload-time = "2024-11-11T01:41:42.873Z" }
wheels = [
    { url = "https://files.pythonhosted.org/packages/c0/5a/9cac0c82afec3d09ccd97c8b6502d48f165f9124db81b4bcb90b4af974ee/jedi-0.19.2-py2.py3-none-any.whl", hash = "sha256:a8ef22bde8490f57fe5c7681a3c83cb58874daf72b4784de3cce5b6ef6edb5b9", size = 1572278, upload-time = "2024-11-11T01:41:40.175Z" },
]

[[package]]
name = "panda3d"
version = "1.10.15"
source = { registry = "https://pypi.org/simple" }
wheels = [
    { url = "https://files.pythonhosted.org/packages/54/b9/1987b9011ae8d6b8714264027b293f75c5e8064bb1cd23944ee188ad2aab/panda3d-1.10.15-cp310-cp310-macosx_10_9_x86_64.whl", hash = "sha256:401989dbabb3ef0842ce9bae28f706fadaf89afa5b1f7f2db49b5ff3bbd6c2e3", size = 66662870, upload-time = "2024-11-08T11:11:58.47Z" },
    { url = "https://files.pythonhosted.org/packages/b6/51/21acb000028040ab41b5a4f5e0d235c6e88485545f560f866fb96901bc80/panda3d-1.10.15-cp310-cp310-macosx_11_0_universal2.whl", hash = "sha256:b2820ea81267f3452335a7d4e53ff49d5e6ab7b3896a97f9698f1d3f6df1bcc6", size = 116966530, upload-time = "2024-11-08T11:12:06.163Z" },
    { url = "https://files.pythonhosted.org/packages/88/5f/f01d31c9239ed8dc64687b4fc2facdf6ecdcd1808fb61ec7788ec4eab9c1/panda3d-1.10.15-cp310-cp310-manylinux2010_i686.whl", hash = "sha256:b9d540903c4bcc3d9a1999939fa688ad07dc1bd75ab8412b5d3ad34f64562e85", size = 56691549, upload-time = "2024-11-08T11:12:13.218Z" },
    { url = "https://files.pythonhosted.org/packages/3d/9b/163c2bb84230af77f720c90e1ae257daf6cf1cf4f8eadae321d7d46aada2/panda3d-1.10.15-cp310-cp310-manylinux2010_x86_64.whl", hash = "sha256:530f400fd0a9fb9bd6e0ce0dff958e164d453b40d0cad671a97514857edee087", size = 55977010, upload-time = "2024-11-08T11:12:18.715Z" },
    { url = "https://files.pythonhosted.org/packages/b4/a4/1c1bfb37544d4195009772461cd2029fea1dc95cdb344ee850e1faf60923/panda3d-1.10.15-cp310-cp310-manylinux2014_aarch64.whl", hash = "sha256:2fe48f42c89422def7cd03f45bc198232a891f0ae2d19e3e284d23ae9bf48fd5", size = 48169088, upload-time = "2024-11-08T22:26:35.969Z" },
    { url = "https://files.pythonhosted.org/packages/11/e4/fa48cb0c3f2c11a939374731ab6da5d2e65006eba90e88386f239b44765c/panda3d-1.10.15-cp310-cp310-manylinux2014_x86_64.whl", hash = "sha256:04af43517e8b100e6909a1e7b24bcf7c121e84057561d2eb7e084753f4d0de00", size = 53530917, upload-time = "2024-11-08T11:12:24.84Z" },
    { url = "https://files.pythonhosted.org/packages/2b/d2/060208996f40e9f797db851b6c7907d2ff2f9e4c9d5db3d2dd55f5a37982/panda3d-1.10.15-cp310-cp310-win32.whl", hash = "sha256:ffd59fffc22e1ff39c7f49d4c55237c3f6b880960f6d049266c8e758504d6bb1", size = 52366055, upload-time = "2024-11-08T11:12:29.399Z" },
    { url = "https://files.pythonhosted.org/packages/34/33/4ca0c028d9390db9f641a3ee07b795ba53346e9a0d9942dabd7b49dd63fe/panda3d-1.10.15-cp310-cp310-win_amd64.whl", hash = "sha256:8c5dbcf6857d087018f1db97bf4b4957006d43ed56e1ae38553d4840b4bec65e", size = 63539598, upload-time = "2024-11-08T11:12:34.531Z" },
    { url = "https://files.pythonhosted.org/packages/77/65/92af5c08c61bd9e91cc09a4bf848784e01a26887994833101629b30a1a23/panda3d-1.10.15-cp311-cp311-macosx_10_9_x86_64.whl", hash = "sha256:d05a0a960637a9debb85c13a62635a8dbac6b65610ea226e316b7e4a68f12dc4", size = 67741611, upload-time = "2024-11-08T11:12:39.726Z" },
    { url = "https://files.pythonhosted.org/packages/20/db/e6470468fae260e41a8da3abd8455c522318ac641fa08ed7f3fb5d97fe5c/panda3d-1.10.15-cp311-cp311-macosx_11_0_universal2.whl", hash = "sha256:fbcbe8dd9ae74fe151e9e6e64b297f5e754c272c5ea11925708da12773cb65de", size = 119040056, upload-time = "2024-11-08T11:12:46.391Z" },
    { url = "https://files.pythonhosted.org/packages/5c/b6/dee33ad756c408ef1ac1d9c3195d81650354d3787e4bf48cddf4f7524007/panda3d-1.10.15-cp311-cp311-manylinux2014_aarch64.whl", hash = "sha256:2e96777cb13b09a749fba8f5e7a8a2e2abba7ce04ed1f8244e39879682bb6476", size = 48691319, upload-time = "2024-11-08T22:26:41.167Z" },
    { url = "https://files.pythonhosted.org/packages/f8/43/afbc52251c111f0cef8b3e9d5221307f81d85bb26f4a3dca1ed7e70acf7a/panda3d-1.10.15-cp311-cp311-manylinux2014_x86_64.whl", hash = "sha256:0969b3d452469d75a3b23dd451c47fa7efb806016cedd153946865798a69df70", size = 54080585, upload-time = "2024-11-08T11:12:52.272Z" },
    { url = "https://files.pythonhosted.org/packages/ec/7c/3f185df67870d91f3d33810453d3e23ff570303a5757edc87591d12dfdcd/panda3d-1.10.15-cp311-cp311-win32.whl", hash = "sha256:27c78a6e2f208c324d3a92534a0917a2b3aebcba626266d4322ba8e60447d92b", size = 53172458, upload-time = "2024-11-08T11:12:57.466Z" },
    { url = "https://files.pythonhosted.org/packages/39/24/7cc50e87cdfa1ae0cc4248151aa25425b98af976ee3a2729975ed2644757/panda3d-1.10.15-cp311-cp311-win_amd64.whl", hash = "sha256:db071a53259fd8d3abedfc7d02030532eff02befe78515833767d3599034ba1a", size = 64492622, upload-time = "2024-11-08T11:13:03.163Z" },
    { url = "https://files.pythonhosted.org/packages/7e/fa/75abdc0fe9790908713992b0ad7057a0c020643ca3d1eee2a7b2f86122c7/panda3d-1.10.15-cp312-cp312-macosx_10_9_x86_64.whl", hash = "sha256:d05bc9eb80f76f2a2925e177730dcfbf322bb44bd0f33eb9211a686ea7f6d1b4", size = 67862266, upload-time = "2024-11-08T11:13:09.352Z" },
    { url = "https://files.pythonhosted.org/packages/d6/f6/d034095f4032eb5edf1091c49412e23e7ed64239351be3b7d51a86834c7f/panda3d-1.10.15-cp312-cp312-macosx_11_0_universal2.whl", hash = "sha256:d90cf73d83cf583acdcf1eea7a5cd60bf4af0de7bb83b96f2fa21541c539a744", size = 119238039, upload-time = "2024-11-08T11:13:16.969Z" },
    { url = "https://files.pythonhosted.org/packages/3b/5f/08ae7354dfd7ca231184ffc452b5013273ad57b93767539b03ee4efed488/panda3d-1.10.15-cp312-cp312-manylinux2014_aarch64.whl", hash = "sha256:bb9897467fa41079f3f3c2a32d085798f3e9230424b533c8715521eec397703d", size = 49372153, upload-time = "2024-11-08T22:26:45.845Z" },
    { url = "https://files.pythonhosted.org/packages/ba/55/793aa09978a4af91bd7d49775c481437844a12353238b71e19fe6e49048c/panda3d-1.10.15-cp312-cp312-manylinux2014_x86_64.whl", hash = "sha256:4493cba98ccd29352f1872641bf63750a546cf4dfd9c0953b356811c89573f0a", size = 54773405, upload-time = "2024-11-08T11:13:29.871Z" },
    { url = "https://files.pythonhosted.org/packages/d8/57/6a9db4761c7c6d80b0f7235ce157fab212f12ee532c3d0eaa657fea71a24/panda3d-1.10.15-cp312-cp312-win32.whl", hash = "sha256:d27ef3662ebfb9a96096c85250002bc61bdf25ea4c5ad0e852151aa748778b9c", size = 53528327, upload-time = "2024-11-08T11:13:35.22Z" },
    { url = "https://files.pythonhosted.org/packages/2c/11/32ac8302111c40fc33390531ad5f19d74db57bf294c0e46c64d2acdcb407/panda3d-1.10.15-cp312-cp312-win_amd64.whl", hash = "sha256:74b32cbbcba689fb50ef20ce9578e48fdfedfad1fbf9f48e74db22a06b04be60", size = 64913226, upload-time = "2024-11-08T11:13:40.287Z" },
    { url = "https://files.pythonhosted.org/packages/40/cc/431c12cf540d79545ae1ccccc008398729c113014ffa4910ce39de021364/panda3d-1.10.15-cp313-cp313-macosx_10_13_x86_64.whl", hash = "sha256:57eabb76ce244e802b7bce0bff8fa976a762b3a14f69cdccbc7e7ce5d33591cb", size = 67709251, upload-time = "2024-11-08T11:13:47.612Z" },
    { url = "https://files.pythonhosted.org/packages/d1/04/288f594da7553c8eec7a2b804af589ad4a8098f33bb632333aeaa3859cce/panda3d-1.10.15-cp313-cp313-macosx_11_0_universal2.whl", hash = "sha256:2fe3725aa53898ad2d8aef7bad023f8d2bbdc7618867ce123d9f56a9b3be82de", size = 119014322, upload-time = "2024-11-08T11:13:55.343Z" },
    { url = "https://files.pythonhosted.org/packages/4b/68/52c4d1e1a54ecef5a1a29c6fb74a3d268b0272ac4d62efa967db3fc5c672/panda3d-1.10.15-cp313-cp313-manylinux2014_aarch64.whl", hash = "sha256:7f2959545e48c5d7e0b60102d7d09e4d8fb7c41e2256e731270efa5d201fd5d8", size = 49078308, upload-time = "2024-11-08T22:26:49.925Z" },
    { url = "https://files.pythonhosted.org/packages/28/c6/7a10d4862eff79628d1f5a1598349cf195d1a32507d2c254bd58f6da8ff1/panda3d-1.10.15-cp313-cp313-manylinux2014_x86_64.whl", hash = "sha256:202613825dce4889d01cab47ded2a64f8b9f451a6dd9aac5395dbb130ee510e3", size = 54439383, upload-time = "2024-11-08T11:14:02.089Z" },
    { url = "https://files.pythonhosted.org/packages/69/c2/00e52bc46e1b6c2402395376d8bac7cace177d03cccc360ec81154a33750/panda3d-1.10.15-cp313-cp313-win32.whl", hash = "sha256:ffac45e08b17447e1cfa2f1e7ec01e5d4c67b732479c21cba1b0751074ed2820", size = 54688761, upload-time = "2024-11-08T11:14:06.733Z" },
    { url = "https://files.pythonhosted.org/packages/18/bb/b58be7df35d59fc72bba18efe345ce4451e970ca9f693309e47578578bda/panda3d-1.10.15-cp313-cp313-win_amd64.whl", hash = "sha256:81da0be19890802980828dde4c59f920f7e49bb9e6ec02375c899cace8074baf", size = 66266848, upload-time = "2024-11-08T11:14:11.948Z" },
    { url = "https://files.pythonhosted.org/packages/5b/76/e73701c0a87ce67a01aca61743e9295e32712cfad3f7e8ec752add53e86f/panda3d-1.10.15-cp313-cp313t-macosx_10_13_x86_64.whl", hash = "sha256:26d024ef60b4d169c4ae10abbb6ce0bdfd0d5732eb61cc77e257987a06bc635c", size = 70116009, upload-time = "2024-11-08T11:14:18.865Z" },
    { url = "https://files.pythonhosted.org/packages/88/44/8a2a43ef9755a19ba502b3e289e86f28c0fc26ffce4125340c2f7581f2d8/panda3d-1.10.15-cp313-cp313t-macosx_11_0_universal2.whl", hash = "sha256:ca13198b78e4d62ae9d9bfbc8e0fb8ce96d5ce725fa57e9becf69d5f54335f0f", size = 123651610, upload-time = "2024-11-08T11:14:25.828Z" },
    { url = "https://files.pythonhosted.org/packages/cc/75/9684003c98ace58a1994cd5c4ee2bfd7d6c2cc2f78a0e041e45e22ba61ad/panda3d-1.10.15-cp313-cp313t-manylinux2014_aarch64.whl", hash = "sha256:9ad98a3f82443d572ccbfe78ab6ac1c5405b3107e005414fb5fbd2985b81b02f", size = 49499082, upload-time = "2024-11-08T22:26:54.693Z" },
    { url = "https://files.pythonhosted.org/packages/ca/99/4f385683203646e81ad25f1ff880c7d46b2e1843b580bbbeb5a6643ca22d/panda3d-1.10.15-cp313-cp313t-manylinux2014_x86_64.whl", hash = "sha256:db8ad9ff7f48ee1d6b67716124aa8201aa49a92f95b58bb99822208bfbd32a8e", size = 54799011, upload-time = "2024-11-08T11:14:31.397Z" },
    { url = "https://files.pythonhosted.org/packages/40/3e/fde3f06eb2843d9dc4b5cca2ef82888928849215deaeece6ca4be442e1cb/panda3d-1.10.15-cp313-cp313t-win32.whl", hash = "sha256:09f4a52918faa54f53fc523f2f0be84789cbf0432cc380960d8e3e8437b48021", size = 54826671, upload-time = "2024-11-08T11:14:36.186Z" },
    { url = "https://files.pythonhosted.org/packages/1c/f7/318a80225b6785a562b00622db5f7fb2b1f76ab57723908051d1f953d33d/panda3d-1.10.15-cp313-cp313t-win_amd64.whl", hash = "sha256:fa195f2b57a6dd819e81bf13728d00f3973cf4c680245c70d7b669a3317decca", size = 66300865, upload-time = "2024-11-08T11:14:41.995Z" },
]

[[package]]
name = "parso"
version = "0.8.5"
source = { registry = "https://pypi.org/simple" }
sdist = { url = "https://files.pythonhosted.org/packages/d4/de/53e0bcf53d13e005bd8c92e7855142494f41171b34c2536b86187474184d/parso-0.8.5.tar.gz", hash = "sha256:034d7354a9a018bdce352f48b2a8a450f05e9d6ee85db84764e9b6bd96dafe5a", size = 401205, upload-time = "2025-08-23T15:15:28.028Z" }
wheels = [
    { url = "https://files.pythonhosted.org/packages/16/32/f8e3c85d1d5250232a5d3477a2a28cc291968ff175caeadaf3cc19ce0e4a/parso-0.8.5-py2.py3-none-any.whl", hash = "sha256:646204b5ee239c396d040b90f9e272e9a8017c630092bf59980beb62fd033887", size = 106668, upload-time = "2025-08-23T15:15:25.663Z" },
]

[[package]]
name = "pyflakes"
version = "3.4.0"
source = { registry = "https://pypi.org/simple" }
sdist = { url = "https://files.pythonhosted.org/packages/45/dc/fd034dc20b4b264b3d015808458391acbf9df40b1e54750ef175d39180b1/pyflakes-3.4.0.tar.gz", hash = "sha256:b24f96fafb7d2ab0ec5075b7350b3d2d2218eab42003821c06344973d3ea2f58", size = 64669, upload-time = "2025-06-20T18:45:27.834Z" }
wheels = [
    { url = "https://files.pythonhosted.org/packages/c2/2f/81d580a0fb83baeb066698975cb14a618bdbed7720678566f1b046a95fe8/pyflakes-3.4.0-py2.py3-none-any.whl", hash = "sha256:f742a7dbd0d9cb9ea41e9a24a918996e8170c799fa528688d40dd582c8265f4f", size = 63551, upload-time = "2025-06-20T18:45:26.937Z" },
]

[[package]]
name = "pygame-ce"
version = "2.5.5"
source = { registry = "https://pypi.org/simple" }
sdist = { url = "https://files.pythonhosted.org/packages/c9/be/af69521e694442dbde5db29069953f25367ddacaa50d9ae644745853d37c/pygame_ce-2.5.5.tar.gz", hash = "sha256:a7f297c223c6e35f16d65d47a19757005763ea7e90795ccc37c0bc562364ae6b", size = 5821935, upload-time = "2025-06-07T07:33:03.501Z" }
wheels = [
    { url = "https://files.pythonhosted.org/packages/0e/d6/f5a65a638b0b355734ee5d5ecd092fb63c981f8b7aa0d3697f9ff0888941/pygame_ce-2.5.5-cp310-cp310-macosx_10_11_x86_64.whl", hash = "sha256:e3f850f6590ac1eca4c15ede6c6162958ab75fef065fc84064710b1935adeb67", size = 12415923, upload-time = "2025-06-07T07:31:08.792Z" },
    { url = "https://files.pythonhosted.org/packages/4e/70/2d1e7f394afd9fc3c498b42eab97d04e39dd2cde122391f103a45debc728/pygame_ce-2.5.5-cp310-cp310-macosx_11_0_arm64.whl", hash = "sha256:ae5a668619f5bc5d329eebf68c1e53b7865580ab1d93271aedfa945f5aaf8e65", size = 11655123, upload-time = "2025-06-07T07:31:11.934Z" },
    { url = "https://files.pythonhosted.org/packages/91/be/23e05158942d0fac68c59bab8dcdbdfa87f1e5d945439e8f85b5961dda48/pygame_ce-2.5.5-cp310-cp310-manylinux_2_17_aarch64.manylinux2014_aarch64.whl", hash = "sha256:9baf4b11d8a1697f16ae70df4f53c7197754cb9cec134516f6245a6fcaddcba1", size = 12303787, upload-time = "2025-06-07T07:31:14.127Z" },
    { url = "https://files.pythonhosted.org/packages/e8/68/12dab584455194bc76053f8e9bb97174eccf232983404919b33ba9878b04/pygame_ce-2.5.5-cp310-cp310-manylinux_2_17_i686.manylinux2014_i686.whl", hash = "sha256:d9d822ce45dab042ea0b2d3cbc1d88f0ec00ac1b5a7a5f7c3ed52b8bc45acc49", size = 12838513, upload-time = "2025-06-07T07:31:16.329Z" },
    { url = "https://files.pythonhosted.org/packages/7a/ab/c1d8fdd18c5b9024dc1ecae1b87a86339f77b6970d8c978dda62f48f0663/pygame_ce-2.5.5-cp310-cp310-manylinux_2_17_x86_64.manylinux2014_x86_64.whl", hash = "sha256:bd55811e56cf18d0376429007ffe430e4afd2bbc78b01f7c0fee1c8ef38d7acc", size = 12482593, upload-time = "2025-06-07T07:31:18.528Z" },
    { url = "https://files.pythonhosted.org/packages/56/45/93de0745ddfec845c5280fbbbd916d961680a3743aede08ed130689c46eb/pygame_ce-2.5.5-cp310-cp310-win32.whl", hash = "sha256:bd0cd7887542295e704d02ac489d16dc1870cf0c16a48e0f945221a496deea7b", size = 9806756, upload-time = "2025-06-07T07:31:20.735Z" },
    { url = "https://files.pythonhosted.org/packages/9f/ba/8195ea4ac5dc0c39a038fa1d7cca37c1dae9063f89cd13ce8ace2e71e968/pygame_ce-2.5.5-cp310-cp310-win_amd64.whl", hash = "sha256:f6682d841a5b2b22bb7f35ab64e1475a5829971e8db042358812bd9312f43c0d", size = 10377061, upload-time = "2025-06-07T07:31:23.504Z" },
    { url = "https://files.pythonhosted.org/packages/48/ff/65c13ed5a0ca7c186e054a416f74e1a73ab90e6fc62b8c133e07d1fe321b/pygame_ce-2.5.5-cp311-cp311-macosx_10_11_x86_64.whl", hash = "sha256:7697ca838c560e16a305de47a4ea3ad3152ebc7927b309f4251d5718b38db388", size = 12415712, upload-time = "2025-06-07T07:31:25.624Z" },
    { url = "https://files.pythonhosted.org/packages/22/17/80c6c64373d7488e5c15f70245093146880574cbb962222f03d30c7bbc4f/pygame_ce-2.5.5-cp311-cp311-macosx_11_0_arm64.whl", hash = "sha256:683d91ce985192106014b1cc887f2f6d257f4e2329d49b6942d2cd46f030cc8a", size = 11654443, upload-time = "2025-06-07T07:31:28.212Z" },
    { url = "https://files.pythonhosted.org/packages/f6/34/adf751a50a85f61f42e80cbad684f74fe0f26cb030f16c04b45392000248/pygame_ce-2.5.5-cp311-cp311-manylinux_2_17_aarch64.manylinux2014_aarch64.whl", hash = "sha256:524fbda5e132abfbeda9c296d523bc3adbe9ad33498d04762ff9c7912818c3f2", size = 12304561, upload-time = "2025-06-07T07:31:30.744Z" },
    { url = "https://files.pythonhosted.org/packages/15/19/1647079f2883454f0a0e532f8e76a784984a77a23bd1a9a6fbffe4746a9e/pygame_ce-2.5.5-cp311-cp311-manylinux_2_17_i686.manylinux2014_i686.whl", hash = "sha256:81ea332ee9c51ccc66cbe73124a13264c303ab842aca093c2f5f2282f55c168c", size = 12835077, upload-time = "2025-06-07T07:31:33.811Z" },
    { url = "https://files.pythonhosted.org/packages/94/a6/5167c4ab343fe8ef62a360af1dacd585eb57ea42b62eb9339687e998bd39/pygame_ce-2.5.5-cp311-cp311-manylinux_2_17_x86_64.manylinux2014_x86_64.whl", hash = "sha256:6d32e970b5f06a8710b098f178693456cc433170a7f94ef451e31d682d1a2f86", size = 12480565, upload-time = "2025-06-07T07:31:36.494Z" },
    { url = "https://files.pythonhosted.org/packages/d6/27/80e5d042c2be4ec2d1a41f42fd61ed8661cd780343511bd9a8e5edb34548/pygame_ce-2.5.5-cp311-cp311-win32.whl", hash = "sha256:8642add37c09cef881812bfb6e7f7771e7d666f870e5640e473841bf34fd771b", size = 9804082, upload-time = "2025-06-07T07:31:39.095Z" },
    { url = "https://files.pythonhosted.org/packages/da/fd/dff4d8b02bfda1be6a251747520de5e012fe56355d4fb44d4cae70290efe/pygame_ce-2.5.5-cp311-cp311-win_amd64.whl", hash = "sha256:13d1951bff009b2b1d593785fd43a9be6d3d6de0b1b0c0d85ad7d6e967d31c99", size = 10377304, upload-time = "2025-06-07T07:31:41.739Z" },
    { url = "https://files.pythonhosted.org/packages/60/2c/45729f86bd7d1b67062be9c44618d7a4269a3892b35d9677e09f3409e91e/pygame_ce-2.5.5-cp312-cp312-macosx_10_13_x86_64.whl", hash = "sha256:cb6801f224a806f883e5de558d3424a53e714abec7d6a47d32fc6b9cfa92e598", size = 12409360, upload-time = "2025-06-07T07:31:44.103Z" },
    { url = "https://files.pythonhosted.org/packages/6c/28/96d776b0c8efe9939c05ac15ea317b687cec6684ac9808d1c771029e308c/pygame_ce-2.5.5-cp312-cp312-macosx_11_0_arm64.whl", hash = "sha256:adddaf63af2f5b5d0a3840aa73021b71766fa16c1ed3fc18756b54e90b66592f", size = 11660289, upload-time = "2025-06-07T07:31:46.725Z" },
    { url = "https://files.pythonhosted.org/packages/24/01/48bad8a2431507efc3b357816cbbd4815bba063f09becd54f8d9c5b04b20/pygame_ce-2.5.5-cp312-cp312-manylinux_2_17_aarch64.manylinux2014_aarch64.whl", hash = "sha256:1602ed3dd274e36d5c6008ff2c500223bea38aab0d4fa4a8eae0a0e5897bcb88", size = 12290133, upload-time = "2025-06-07T07:31:49.188Z" },
    { url = "https://files.pythonhosted.org/packages/ac/5d/0edb786e614bd8d5e2d34a864f0d0ac1ed6b035d7eea04976dbd35bb7e3f/pygame_ce-2.5.5-cp312-cp312-manylinux_2_17_i686.manylinux2014_i686.whl", hash = "sha256:eb42884c847d54a40c98cf631ca8014406eaf8bbfeddde298269193c533a61eb", size = 12823259, upload-time = "2025-06-07T07:31:51.489Z" },
    { url = "https://files.pythonhosted.org/packages/d5/72/3ae43a335e80f55f3243d674cf47becf17e2a4c565d745b961c50aeec7a1/pygame_ce-2.5.5-cp312-cp312-manylinux_2_17_x86_64.manylinux2014_x86_64.whl", hash = "sha256:13dec639f227dd1092b161e696769f8b6dfbeb92e4e4fabc729dc689a4c63997", size = 12467026, upload-time = "2025-06-07T07:31:53.792Z" },
    { url = "https://files.pythonhosted.org/packages/0a/30/71e761df3d3567b59f7f73b938c682aaf2e6406d248d871ae5dd569d94e1/pygame_ce-2.5.5-cp312-cp312-win32.whl", hash = "sha256:356ba09a684a92b04330d3d6bb3136066a170aea15f300b078edda347b719fb2", size = 9802023, upload-time = "2025-06-07T07:31:55.983Z" },
    { url = "https://files.pythonhosted.org/packages/8a/77/adca7896a89d2a30d974bd337ac8adfa14e031f52319c5bfa379be092ade/pygame_ce-2.5.5-cp312-cp312-win_amd64.whl", hash = "sha256:7863dbaf5c33bbba878b6e5aa1b11592048a96b383b11dac15a0837a14c30b62", size = 10378199, upload-time = "2025-06-07T07:31:58.046Z" },
    { url = "https://files.pythonhosted.org/packages/13/d6/b72511c35d3c3ed07072cee07a1dea34e950375a225d181276c4b2316d3a/pygame_ce-2.5.5-cp313-cp313-macosx_10_13_x86_64.whl", hash = "sha256:32008bef532318c7f8d97fb087a16b44c0d5140969963b6afbf0f9521d18f3dc", size = 12403252, upload-time = "2025-06-07T07:32:00.325Z" },
    { url = "https://files.pythonhosted.org/packages/5d/0e/23b4ea53172d8841cfaee5b5274581b2b7fa96426e6029dda0e37b369f86/pygame_ce-2.5.5-cp313-cp313-macosx_11_0_arm64.whl", hash = "sha256:00004956921641d9dc7e628be77ea7f23333b839e48ec981704b6516537bd67f", size = 11654505, upload-time = "2025-06-07T07:32:02.91Z" },
    { url = "https://files.pythonhosted.org/packages/5c/95/a58928af657fbba391d1691ce66f2afede3e8c65cb021b42e4488f6fd490/pygame_ce-2.5.5-cp313-cp313-manylinux_2_17_aarch64.manylinux2014_aarch64.whl", hash = "sha256:255efe334dc69a78c3b7986b9c893ef86cead5aaf8c61cb6990949b4fca84142", size = 12286043, upload-time = "2025-06-07T07:32:05.147Z" },
    { url = "https://files.pythonhosted.org/packages/5a/61/499b2d078c62c9b91a6ccd2e63805ac884e1715d307d083e54bbbd75a24d/pygame_ce-2.5.5-cp313-cp313-manylinux_2_17_i686.manylinux2014_i686.whl", hash = "sha256:c4b90f01d3ae8ae0f84361480531323bbd06e10be75f4e67478b999b43f8a1f9", size = 12821547, upload-time = "2025-06-07T07:32:07.347Z" },
    { url = "https://files.pythonhosted.org/packages/d7/19/7f9a37b7ff55dc34a8f727b86b89800a1fdb4b1436e601dea66f89764472/pygame_ce-2.5.5-cp313-cp313-manylinux_2_17_x86_64.manylinux2014_x86_64.whl", hash = "sha256:e37bfd4545fb057ce24d06e13d1262989ca0ece3b12010c585130607e3c2bbf8", size = 12463330, upload-time = "2025-06-07T07:32:10.136Z" },
    { url = "https://files.pythonhosted.org/packages/fa/f5/5ad50c34f042bbc135312cd75d86d156bf18f54b72ae8947498acbda8cbd/pygame_ce-2.5.5-cp313-cp313-win32.whl", hash = "sha256:476a1b56b19f5023ddd0512716f11c413c3587b93dfd4aebd40869f261d3b8b7", size = 9799763, upload-time = "2025-06-07T07:32:12.332Z" },
    { url = "https://files.pythonhosted.org/packages/a8/88/89cfcaf55c8ccab5a2d59f206bf7b7d4336c4b27d9b63531a0e274cac817/pygame_ce-2.5.5-cp313-cp313-win_amd64.whl", hash = "sha256:8568fab6d43e23ca209fb860f7d387f2f89bd4047a4fa617ed0951fd9739109c", size = 10376053, upload-time = "2025-06-07T07:32:14.526Z" },
    { url = "https://files.pythonhosted.org/packages/09/54/351e6cc0b389cfd6ae97c999bf1beee23269823e5c4f2d700a7b507642aa/pygame_ce-2.5.5-cp314-cp314-macosx_10_13_x86_64.whl", hash = "sha256:5fdaba786e3fd77315dcdf240d1d24119c51ce803c31e8d1362cc938cea75570", size = 12374606, upload-time = "2025-07-28T07:48:04.566Z" },
    { url = "https://files.pythonhosted.org/packages/e7/e5/ba180f96353e0394ac14b6d8549b44cc2bb509b0e71dc42d1800fc605843/pygame_ce-2.5.5-cp314-cp314-macosx_11_0_arm64.whl", hash = "sha256:518768ce311ae56ac43059307f18a07768a106e8fbed365f747e2558dba7a4b4", size = 11624585, upload-time = "2025-07-28T07:48:14.375Z" },
    { url = "https://files.pythonhosted.org/packages/0c/49/449d7fb46a2fe8cea8d0863c4aec0dc1ad6a38a97e2ae1001c0a0c51dbee/pygame_ce-2.5.5-cp314-cp314-manylinux2014_aarch64.manylinux_2_17_aarch64.whl", hash = "sha256:18b683f1a14d2d537f1c3e7749c156ead905521a3089b4106a7ffb1e5c8f7922", size = 12267397, upload-time = "2025-07-28T07:48:24.171Z" },
    { url = "https://files.pythonhosted.org/packages/df/df/6d67658f79b9127d6f5750cbaa521372c0f62554e4cf6791ecffd10a1f1e/pygame_ce-2.5.5-cp314-cp314-manylinux2014_i686.manylinux_2_17_i686.whl", hash = "sha256:33a6e579061bd74ce31d23148b631b00cd0ed71eeea06c0a852c8a29552315db", size = 12793784, upload-time = "2025-07-28T07:48:34.4Z" },
    { url = "https://files.pythonhosted.org/packages/f0/40/e7c47b0e296a181900e2ab24ef87e2e922ec08f141ab35d0433917f7c5b6/pygame_ce-2.5.5-cp314-cp314-manylinux2014_x86_64.manylinux_2_17_x86_64.whl", hash = "sha256:6f50a43ca19e2e060e79ab53f8a9db9c7e3388b39c0015e56e30f17feab6c37f", size = 12436752, upload-time = "2025-07-28T07:48:44.357Z" },
    { url = "https://files.pythonhosted.org/packages/b6/48/036295f5340261d725e75ccf3851d22d18dcedf9627f8e77856e8ba14ad7/pygame_ce-2.5.5-cp314-cp314-win32.whl", hash = "sha256:2515a5d07a856b61871bc47f5c88d9cbb50d81013de865d7cc3a1d3648b4fef9", size = 9904668, upload-time = "2025-07-28T07:48:52.776Z" },
    { url = "https://files.pythonhosted.org/packages/fc/51/908716125a12272494953e4c34abd178b54870611e015078b0238531b90c/pygame_ce-2.5.5-cp314-cp314-win_amd64.whl", hash = "sha256:7f3bafbc6007c96d42f305e2ed7b2ad899ed6aa97546b1457bd50c39fd764dbf", size = 10516298, upload-time = "2025-07-28T07:49:00.866Z" },
    { url = "https://files.pythonhosted.org/packages/7f/11/403d0f4dd84384c182bc464d9762fc03d5586c02b9e4aca6c54182653ee0/pygame_ce-2.5.5-pp310-pypy310_pp73-macosx_10_15_x86_64.whl", hash = "sha256:f1157a2bfd5bbce9dbd2f94585e38b2abfe59adc15e0316e551cd3e1d3922137", size = 12354820, upload-time = "2025-06-07T07:32:33.343Z" },
    { url = "https://files.pythonhosted.org/packages/86/25/556e37875cf9473b8044f3e5dabc4cc05bf287173556c1595c0fb2b190ab/pygame_ce-2.5.5-pp310-pypy310_pp73-macosx_11_0_arm64.whl", hash = "sha256:e26850f72138726a87a067c2c9757e16c47a7c4caffdc70885a63518753c124f", size = 11612514, upload-time = "2025-06-07T07:32:35.522Z" },
    { url = "https://files.pythonhosted.org/packages/b9/c9/23f43a1e5a4c05538f55a4830bc48f1bcdb13f90624da4b51ab0a3435f1e/pygame_ce-2.5.5-pp310-pypy310_pp73-manylinux_2_17_aarch64.manylinux2014_aarch64.whl", hash = "sha256:eee500f3b0b8880e85869158158d0a2e4da4aaff31af123da5fe4366e6eb2101", size = 12241612, upload-time = "2025-06-07T07:32:37.773Z" },
    { url = "https://files.pythonhosted.org/packages/00/d6/370d25d0debb7bd3fa50be4e7de68ef4430bc8bd8a79e7949b546e6fbcd7/pygame_ce-2.5.5-pp310-pypy310_pp73-manylinux_2_17_i686.manylinux2014_i686.whl", hash = "sha256:baa00936cbcc1809c8fcabdb6d6405a29c9fd355d26d0e4989a92442cef73019", size = 12760345, upload-time = "2025-06-07T07:32:40.441Z" },
    { url = "https://files.pythonhosted.org/packages/11/ba/1482846a836cd440aca50d7c8555048166fdb8d578a203d9fcab8fda924d/pygame_ce-2.5.5-pp310-pypy310_pp73-manylinux_2_17_x86_64.manylinux2014_x86_64.whl", hash = "sha256:458bcf60db17dadab41f86423af2279d36e26a76aab7bf6efd92bf0e9945bb1a", size = 12412254, upload-time = "2025-06-07T07:32:42.74Z" },
    { url = "https://files.pythonhosted.org/packages/7c/c5/3714c3933e4185f7a54a5fd2cec68944fa36390c032c170164a7321b956e/pygame_ce-2.5.5-pp310-pypy310_pp73-win_amd64.whl", hash = "sha256:cdfe65ec9d9b00d5a919a02f5655d5de5ec95629ffc6cc250a957666376c24d5", size = 10340410, upload-time = "2025-06-07T07:32:45.121Z" },
    { url = "https://files.pythonhosted.org/packages/e1/82/e90170b3598168f89ae0a8336f8e65a79c21d1f66562662884e036191148/pygame_ce-2.5.5-pp311-pypy311_pp73-macosx_10_15_x86_64.whl", hash = "sha256:68c57dc55a597c19d7321225aedf888597859947f0cdc90acf601acce5152178", size = 12333826, upload-time = "2025-07-28T07:49:10.406Z" },
    { url = "https://files.pythonhosted.org/packages/8d/a8/88da9df964890d01dc9f3349f3871a1174007b71fc1baf82394b8d527d7a/pygame_ce-2.5.5-pp311-pypy311_pp73-macosx_11_0_arm64.whl", hash = "sha256:b901cf9359d77b924bc2885867fe426672f57223f284f79cf69b0c959245d66e", size = 11593010, upload-time = "2025-07-28T07:49:20.14Z" },
    { url = "https://files.pythonhosted.org/packages/ef/7c/aaa32c00d28106545b0160fd38ca4e4dbfeb926fda65d6310c54bbff2c59/pygame_ce-2.5.5-pp311-pypy311_pp73-manylinux2014_aarch64.manylinux_2_17_aarch64.whl", hash = "sha256:0d84df032875bd6a0d040e3cb9273db6121093db9ef2ab4b09747b7000dd2c79", size = 12227010, upload-time = "2025-07-28T07:49:29.599Z" },
    { url = "https://files.pythonhosted.org/packages/1c/45/f7de742f0892fb67fcd550b3a19cdd084ee11e5bdc9314bdefc058d96f12/pygame_ce-2.5.5-pp311-pypy311_pp73-manylinux2014_i686.manylinux_2_17_i686.whl", hash = "sha256:5f6c99999bd2e5c7f33e472b1154e6e72b340458ce4d2a61d39d4bb180224bf9", size = 12744365, upload-time = "2025-07-28T07:49:39.758Z" },
    { url = "https://files.pythonhosted.org/packages/48/4f/587f55265edb1994e3a03aa29f261d3e57daf4b4b826b8734bf0ceb1ddab/pygame_ce-2.5.5-pp311-pypy311_pp73-manylinux2014_x86_64.manylinux_2_17_x86_64.whl", hash = "sha256:15bae81bff1750dfe0f087f1ba6a4395d9154bcb962118c87cc35da74d116b0a", size = 12392705, upload-time = "2025-07-28T07:49:49.53Z" },
    { url = "https://files.pythonhosted.org/packages/39/42/919e9acaf40b5828edd5f039becb9c0594e2d0846a0100bcb26fd96f72b7/pygame_ce-2.5.5-pp311-pypy311_pp73-win_amd64.whl", hash = "sha256:3f106be1d9daaf0f44c9b588a01efb6e520fe52de3da7332bc97eaa950e751ff", size = 10311535, upload-time = "2025-07-28T07:49:57.804Z" },
]

[[package]]
name = "pygments"
version = "2.19.2"
source = { registry = "https://pypi.org/simple" }
sdist = { url = "https://files.pythonhosted.org/packages/b0/77/a5b8c569bf593b0140bde72ea885a803b82086995367bf2037de0159d924/pygments-2.19.2.tar.gz", hash = "sha256:636cb2477cec7f8952536970bc533bc43743542f70392ae026374600add5b887", size = 4968631, upload-time = "2025-06-21T13:39:12.283Z" }
wheels = [
    { url = "https://files.pythonhosted.org/packages/c7/21/705964c7812476f378728bdf590ca4b771ec72385c533964653c68e86bdc/pygments-2.19.2-py3-none-any.whl", hash = "sha256:86540386c03d588bb81d44bc3928634ff26449851e99741617ecb9037ee5ec0b", size = 1225217, upload-time = "2025-06-21T13:39:07.939Z" },
]

[[package]]
name = "pyperclip"
version = "1.9.0"
source = { registry = "https://pypi.org/simple" }
sdist = { url = "https://files.pythonhosted.org/packages/30/23/2f0a3efc4d6a32f3b63cdff36cd398d9701d26cda58e3ab97ac79fb5e60d/pyperclip-1.9.0.tar.gz", hash = "sha256:b7de0142ddc81bfc5c7507eea19da920b92252b548b96186caf94a5e2527d310", size = 20961, upload-time = "2024-06-18T20:38:48.401Z" }

[[package]]
name = "pyside6"
version = "6.9.1"
source = { registry = "https://pypi.org/simple" }
dependencies = [
    { name = "pyside6-addons" },
    { name = "pyside6-essentials" },
    { name = "shiboken6" },
]
wheels = [
    { url = "https://files.pythonhosted.org/packages/14/91/8e9c7f7e90431297de9856e90a156ade9420977e26d87996909c63f30bd2/PySide6-6.9.1-cp39-abi3-macosx_12_0_universal2.whl", hash = "sha256:f843ef39970a2f79757810fffd7b8e93ac42a3de9ea62f2a03648cde57648aed", size = 558097, upload-time = "2025-06-03T13:20:03.739Z" },
    { url = "https://files.pythonhosted.org/packages/d7/ff/04d1b6b30edd24d761cc30d964860f997bdf37d06620694bf9aab35eec3a/PySide6-6.9.1-cp39-abi3-manylinux_2_28_x86_64.whl", hash = "sha256:db44ac08b8f7ac1b421bc1c6a44200d03f08d80dc7b3f68dfdb1684f30f41c17", size = 558239, upload-time = "2025-06-03T13:20:06.205Z" },
    { url = "https://files.pythonhosted.org/packages/3c/b4/ca076c55c11a8e473363e05aa82c5c03dd7ba8f17b77cc9311ce17213193/PySide6-6.9.1-cp39-abi3-manylinux_2_39_aarch64.whl", hash = "sha256:531a6e67c429b045674d57fe9864b711eb59e4cded753c2640982e368fd468d1", size = 558239, upload-time = "2025-06-03T13:20:08.257Z" },
    { url = "https://files.pythonhosted.org/packages/83/ff/95c941f53b0faebc27dbe361d8e971b77f504b9cf36f8f5d750fd82cd6fc/PySide6-6.9.1-cp39-abi3-win_amd64.whl", hash = "sha256:c82dbb7d32bbdd465e01059174f71bddc97de152ab71bded3f1907c40f9a5f16", size = 564571, upload-time = "2025-06-03T13:20:10.321Z" },
    { url = "https://files.pythonhosted.org/packages/d1/ef/0aa5e910fa4e9770db6b45c23e360a52313922e0ca71fc060a57db613de1/PySide6-6.9.1-cp39-abi3-win_arm64.whl", hash = "sha256:1525d63dc6dc425b8c2dc5bc01a8cb1d67530401449f3a3490c09a14c095b9f9", size = 401793, upload-time = "2025-06-03T13:20:12.108Z" },
]

[[package]]
name = "pyside6-addons"
version = "6.9.1"
source = { registry = "https://pypi.org/simple" }
dependencies = [
    { name = "pyside6-essentials" },
    { name = "shiboken6" },
]
wheels = [
    { url = "https://files.pythonhosted.org/packages/e7/e2/39b9e04335d7ac782b6459bf7abec90c36b8efaac5a88ef818e972c59387/PySide6_Addons-6.9.1-cp39-abi3-macosx_12_0_universal2.whl", hash = "sha256:7be0708fa89715c282541fca47e2ba97c0c8d2886e0236ef994b2dd8f52aacdd", size = 316212438, upload-time = "2025-06-03T13:06:15.027Z" },
    { url = "https://files.pythonhosted.org/packages/cf/6f/691d7039a6f7943522a770b713ecd85fa169688dfdd65ddd4db1699d01b6/PySide6_Addons-6.9.1-cp39-abi3-manylinux_2_28_x86_64.whl", hash = "sha256:da7869b02e3599d26546fad582db4656060786bc5ec8ece5ec9ee8aa8b42371c", size = 166690468, upload-time = "2025-06-03T13:06:34.962Z" },
    { url = "https://files.pythonhosted.org/packages/9d/08/a264db09ad35819643d910cd4c73a86f72f23b7092f8ebc7e51dcca53a86/PySide6_Addons-6.9.1-cp39-abi3-manylinux_2_39_aarch64.whl", hash = "sha256:53fd08c8152b6ba8c435458afd189835ba905793a5077a2bb0b1b11222b375d4", size = 162466096, upload-time = "2025-06-03T13:08:58.065Z" },
    { url = "https://files.pythonhosted.org/packages/84/be/a849402f7e73d137b5ae8b4370a49b0cf0e0c02f028b845782cb743e4995/PySide6_Addons-6.9.1-cp39-abi3-win_amd64.whl", hash = "sha256:cd93a3a5e3886cd958f3a5acc7c061c24f10a394ce9f4ce657ac394544ca7ec2", size = 143150906, upload-time = "2025-06-03T13:09:12.762Z" },
    { url = "https://files.pythonhosted.org/packages/2a/f1/1bb6b5859aff4e2b3f5ef789b9cee200811a9f469f04d9aa7425e816622b/PySide6_Addons-6.9.1-cp39-abi3-win_arm64.whl", hash = "sha256:4f589631bdceb518080ae9c9fa288e64f092cd5bebe25adc8ad89e8eadd4db29", size = 26938762, upload-time = "2025-06-03T13:09:20.009Z" },
]

[[package]]
name = "pyside6-essentials"
version = "6.9.1"
source = { registry = "https://pypi.org/simple" }
dependencies = [
    { name = "shiboken6" },
]
wheels = [
    { url = "https://files.pythonhosted.org/packages/8a/59/714874db9ef3bbbbda654fd3223248969bea02ec1a5bfdd1c941c4e97749/PySide6_Essentials-6.9.1-cp39-abi3-macosx_12_0_universal2.whl", hash = "sha256:ed43435a70e018e1c22efcaf34a9430b83cfcad716dba661b03de21c13322fab", size = 132957077, upload-time = "2025-06-03T13:11:52.629Z" },
    { url = "https://files.pythonhosted.org/packages/59/6a/ea0db68d40a1c487fd255634896f4e37b6560e3ef1f57ca5139bf6509b1f/PySide6_Essentials-6.9.1-cp39-abi3-manylinux_2_28_x86_64.whl", hash = "sha256:e5da48883f006c6206ef85874db74ddebcdf69b0281bd4f1642b1c5ac1d54aea", size = 96416183, upload-time = "2025-06-03T13:12:48.945Z" },
    { url = "https://files.pythonhosted.org/packages/5b/2f/4243630d1733522638c4967d36018c38719d8b84f5246bf3d4c010e0aa9d/PySide6_Essentials-6.9.1-cp39-abi3-manylinux_2_39_aarch64.whl", hash = "sha256:e46a2801c9c6098025515fd0af6c594b9e9c951842f68b8f6f3da9858b9b26c2", size = 94171343, upload-time = "2025-06-03T13:12:59.426Z" },
    { url = "https://files.pythonhosted.org/packages/0d/a9/a8e0209ba9116f2c2db990cfb79f2edbd5a3a428013be2df1f1cddd660a9/PySide6_Essentials-6.9.1-cp39-abi3-win_amd64.whl", hash = "sha256:ad1ac94011492dba33051bc33db1c76a7d6f815a81c01422cb6220273b369145", size = 72435676, upload-time = "2025-06-03T13:13:08.805Z" },
    { url = "https://files.pythonhosted.org/packages/d0/e4/23268c57e775a1a4d2843d288a9583a47f2e4b3977a9ae93cb9ded1a4ea5/PySide6_Essentials-6.9.1-cp39-abi3-win_arm64.whl", hash = "sha256:35c2c2bb4a88db74d11e638cf917524ff35785883f10b439ead07960a5733aa4", size = 49483707, upload-time = "2025-06-03T13:13:16.399Z" },
]

[[package]]
name = "shiboken6"
version = "6.9.1"
source = { registry = "https://pypi.org/simple" }
wheels = [
    { url = "https://files.pythonhosted.org/packages/98/98/34d4d25b79055959b171420d47fcc10121aefcbb261c91d5491252830e31/shiboken6-6.9.1-cp39-abi3-macosx_12_0_universal2.whl", hash = "sha256:40e92afc88da06b5100c56b761e59837ff282166e9531268f3d910b6128e621e", size = 406159, upload-time = "2025-06-03T13:16:45.104Z" },
    { url = "https://files.pythonhosted.org/packages/5a/07/53b2532ecd42ff925feb06b7bb16917f5f99f9c3470f0815c256789d818b/shiboken6-6.9.1-cp39-abi3-manylinux_2_28_x86_64.whl", hash = "sha256:efcdfa8655d34aaf8d7a0c7724def3440bd46db02f5ad3b1785db5f6ccb0a8ff", size = 206756, upload-time = "2025-06-03T13:16:46.528Z" },
    { url = "https://files.pythonhosted.org/packages/5e/b0/75b86ee3f7b044e6a87fbe7abefd1948ca4ae5fcde8321f4986a1d9eaa5e/shiboken6-6.9.1-cp39-abi3-manylinux_2_39_aarch64.whl", hash = "sha256:efcf75d48a29ae072d0bf54b3cd5a59ae91bb6b3ab7459e17c769355486c2e0b", size = 203233, upload-time = "2025-06-03T13:16:48.264Z" },
    { url = "https://files.pythonhosted.org/packages/30/56/00af281275aab4c79e22e0ea65feede0a5c6da3b84e86b21a4a0071e0744/shiboken6-6.9.1-cp39-abi3-win_amd64.whl", hash = "sha256:209ccf02c135bd70321143dcbc5023ae0c056aa4850a845955dd2f9b2ff280a9", size = 1153587, upload-time = "2025-06-03T13:16:50.454Z" },
    { url = "https://files.pythonhosted.org/packages/de/ce/6ccd382fbe1a96926c5514afa6f2c42da3a9a8482e61f8dfc6068a9ca64f/shiboken6-6.9.1-cp39-abi3-win_arm64.whl", hash = "sha256:2a39997ce275ced7853defc89d3a1f19a11c90991ac6eef3435a69bb0b7ff1de", size = 1831623, upload-time = "2025-06-03T13:16:52.468Z" },
]
